# This file is automatically @generated by Wally.
# It is not intended for manual editing.
registry = "test"

[[package]]
name = "4812571/observe"
version = "0.2.6"
dependencies = []

[[package]]
name = "hexcede/runtime"
version = "0.1.0"
dependencies = [["Future", "red-blox/future@1.0.1"], ["Observe", "4812571/observe@0.2.6"], ["TableUtil", "sleitnick/table-util@1.2.1"], ["Trove", "sleitnick/trove@1.4.0"]]

[[package]]
name = "red-blox/future"
version = "1.0.1"
dependencies = [["Spawn", "red-blox/spawn@1.1.0"]]

[[package]]
name = "red-blox/spawn"
version = "1.1.0"
dependencies = []

[[package]]
name = "sleitnick/table-util"
version = "1.2.1"
dependencies = []

[[package]]
name = "sleitnick/trove"
version = "1.4.0"
dependencies = []
